
Microsoft Visual Studio Solution File, Format Version 12.00
# Visual Studio Version 17
VisualStudioVersion = 17.1.32407.343
MinimumVisualStudioVersion = 10.0.40219.1
Project("{2150E333-8FDC-42A3-9474-1A3956D46DE8}") = "ShopManagement", "ShopManagement", "{5BBBE5E1-557E-4784-8536-4D594C9C8B00}"
EndProject
Project("{2150E333-8FDC-42A3-9474-1A3956D46DE8}") = "SM.Domain", "SM.Domain", "{B26BBDD8-0422-4A2E-B5A0-EF61FC365BD0}"
EndProject
Project("{9A19103F-16F7-4668-BE54-9A1E7A4F7556}") = "ShopManagement.Domain", "ShopManagement.Domain\ShopManagement.Domain.csproj", "{DC10E54D-A425-463B-A51C-AA189EF5779B}"
EndProject
Project("{9A19103F-16F7-4668-BE54-9A1E7A4F7556}") = "0_Framework", "0_Framework\0_Framework.csproj", "{4937A75E-88C7-47FD-AE97-12FB70EBB209}"
EndProject
Project("{2150E333-8FDC-42A3-9474-1A3956D46DE8}") = "SM.Application", "SM.Application", "{742C2F02-27AD-4450-B636-5A36E7496540}"
EndProject
Project("{9A19103F-16F7-4668-BE54-9A1E7A4F7556}") = "ShopManagement.Application.Contract", "ShopManagement.Application.Contract\ShopManagement.Application.Contract.csproj", "{2351C029-EFDD-465D-82F5-B0DC9C653FDE}"
EndProject
Project("{9A19103F-16F7-4668-BE54-9A1E7A4F7556}") = "ShopManagement.Application", "ShopManagement.Application\ShopManagement.Application.csproj", "{77A5638D-0BB8-47E3-B3ED-27B38A8468FF}"
EndProject
Project("{2150E333-8FDC-42A3-9474-1A3956D46DE8}") = "SM.Infrastructure", "SM.Infrastructure", "{17BC7107-FEC5-4B0B-88F1-F0205CA69718}"
EndProject
Project("{9A19103F-16F7-4668-BE54-9A1E7A4F7556}") = "ShopManagement.Infrastructure.EFCore", "ShopManagement.Infrastructure.EFCore\ShopManagement.Infrastructure.EFCore.csproj", "{A2FE7C6F-0D9E-45C9-A24B-66541FDB88BD}"
EndProject
Project("{9A19103F-16F7-4668-BE54-9A1E7A4F7556}") = "ShopManagement.Configuration", "ShopManagement.Configuration\ShopManagement.Configuration.csproj", "{4F8F70CC-440B-46E6-86FF-D7F32330DF4A}"
EndProject
Project("{9A19103F-16F7-4668-BE54-9A1E7A4F7556}") = "ServiceHost", "ServiceHost\ServiceHost.csproj", "{EE40A4B2-4EAD-49CB-8A79-5873B52DF994}"
EndProject
Project("{9A19103F-16F7-4668-BE54-9A1E7A4F7556}") = "01_LampshadeQuery", "01_LampshadeQuery\01_LampshadeQuery.csproj", "{1D852C91-12AC-4FD0-B0B7-F1558EAE1B74}"
EndProject
Project("{2150E333-8FDC-42A3-9474-1A3956D46DE8}") = "DiscountManagement", "DiscountManagement", "{FBE16515-807C-477D-84ED-A6CFD9FF8092}"
EndProject
Project("{2150E333-8FDC-42A3-9474-1A3956D46DE8}") = "DM.Domain", "DM.Domain", "{15A00C6E-9BA4-4468-B22D-EBE7EE8DDECB}"
EndProject
Project("{9A19103F-16F7-4668-BE54-9A1E7A4F7556}") = "DiscountManagement.Domain", "DiscountManagement.Domain\DiscountManagement.Domain.csproj", "{6FB507F1-A78C-4162-A3DC-D20A780E04FD}"
EndProject
Project("{2150E333-8FDC-42A3-9474-1A3956D46DE8}") = "DM.Application", "DM.Application", "{76743A6C-468F-4E2E-B41A-63B98BA16A6F}"
EndProject
Project("{9A19103F-16F7-4668-BE54-9A1E7A4F7556}") = "CustomerDiscount.Application.Contract", "CustomerDiscountApplication.Contract\CustomerDiscount.Application.Contract.csproj", "{F3D936FB-BBC5-4FEC-A024-2429D1BB47F3}"
EndProject
Project("{9A19103F-16F7-4668-BE54-9A1E7A4F7556}") = "CustomerDiscount.Application", "CustomerDiscount.Application\CustomerDiscount.Application.csproj", "{0BF8EACF-A08A-4EA0-A265-A02E020F7FB1}"
EndProject
Project("{2150E333-8FDC-42A3-9474-1A3956D46DE8}") = "DM.Infrastructure", "DM.Infrastructure", "{5A5C3B2C-BB9E-48AB-A579-CD1E2D913D5D}"
EndProject
Project("{9A19103F-16F7-4668-BE54-9A1E7A4F7556}") = "DiscountManagement.Infrastructure.EFCore", "DiscountManagement.Infrastructure.EFCore\DiscountManagement.Infrastructure.EFCore.csproj", "{480BF879-744B-40B9-B3F7-ACEAE23D4FF0}"
EndProject
Project("{9A19103F-16F7-4668-BE54-9A1E7A4F7556}") = "DiscountManagement.Configuration", "DiscountManagement.Configuration\DiscountManagement.Configuration.csproj", "{DE4332CF-36C3-4B0C-80C9-435354B5AAF2}"
EndProject
Project("{2150E333-8FDC-42A3-9474-1A3956D46DE8}") = "InventoryManagement", "InventoryManagement", "{2A271334-B2C4-4935-BBE1-3A304ACC0229}"
EndProject
Project("{2150E333-8FDC-42A3-9474-1A3956D46DE8}") = "IM.Domain", "IM.Domain", "{E9F4C85C-3043-473B-8B7E-6099846FAC5F}"
EndProject
Project("{9A19103F-16F7-4668-BE54-9A1E7A4F7556}") = "InventoryManagement.Domain", "InventoryManagement.Domain\InventoryManagement.Domain.csproj", "{36F7C682-E39B-4ECA-AC46-BC6376F72BCF}"
EndProject
Project("{2150E333-8FDC-42A3-9474-1A3956D46DE8}") = "IM.Application", "IM.Application", "{33B205EE-86A4-4A24-A766-AB4A886E5B79}"
EndProject
Project("{9A19103F-16F7-4668-BE54-9A1E7A4F7556}") = "Inventory.Application.Contract", "Inventory.Application.Contract\Inventory.Application.Contract.csproj", "{54EC1044-96E7-4317-A238-BF5ECA2CBCF0}"
EndProject
Project("{2150E333-8FDC-42A3-9474-1A3956D46DE8}") = "IM.Infrastructure", "IM.Infrastructure", "{42179324-3E76-4BF7-A1C5-6B03517E9012}"
EndProject
Project("{FAE04EC0-301F-11D3-BF4B-00C04F79EFBC}") = "InventoryManagement.Infrastructure.EFCore", "InventoryManagement.Infrastructure.EFCore\InventoryManagement.Infrastructure.EFCore.csproj", "{1CD487E8-218C-45F0-BE68-B574B925C9FE}"
EndProject
Project("{FAE04EC0-301F-11D3-BF4B-00C04F79EFBC}") = "InventoryManagement.Configuration", "InventoryManagement.Configuration\InventoryManagement.Configuration.csproj", "{FC222096-A1BF-445A-8C6F-6E9E9F615B55}"
EndProject
Project("{FAE04EC0-301F-11D3-BF4B-00C04F79EFBC}") = "InventoryManagement.Application", "InventoryManagement.Application\InventoryManagement.Application.csproj", "{9F2DF1F6-4570-4873-AFB0-3930C24C3D50}"
EndProject
Global
	GlobalSection(SolutionConfigurationPlatforms) = preSolution
		Debug|Any CPU = Debug|Any CPU
		Release|Any CPU = Release|Any CPU
	EndGlobalSection
	GlobalSection(ProjectConfigurationPlatforms) = postSolution
		{DC10E54D-A425-463B-A51C-AA189EF5779B}.Debug|Any CPU.ActiveCfg = Debug|Any CPU
		{DC10E54D-A425-463B-A51C-AA189EF5779B}.Debug|Any CPU.Build.0 = Debug|Any CPU
		{DC10E54D-A425-463B-A51C-AA189EF5779B}.Release|Any CPU.ActiveCfg = Release|Any CPU
		{DC10E54D-A425-463B-A51C-AA189EF5779B}.Release|Any CPU.Build.0 = Release|Any CPU
		{4937A75E-88C7-47FD-AE97-12FB70EBB209}.Debug|Any CPU.ActiveCfg = Debug|Any CPU
		{4937A75E-88C7-47FD-AE97-12FB70EBB209}.Debug|Any CPU.Build.0 = Debug|Any CPU
		{4937A75E-88C7-47FD-AE97-12FB70EBB209}.Release|Any CPU.ActiveCfg = Release|Any CPU
		{4937A75E-88C7-47FD-AE97-12FB70EBB209}.Release|Any CPU.Build.0 = Release|Any CPU
		{2351C029-EFDD-465D-82F5-B0DC9C653FDE}.Debug|Any CPU.ActiveCfg = Debug|Any CPU
		{2351C029-EFDD-465D-82F5-B0DC9C653FDE}.Debug|Any CPU.Build.0 = Debug|Any CPU
		{2351C029-EFDD-465D-82F5-B0DC9C653FDE}.Release|Any CPU.ActiveCfg = Release|Any CPU
		{2351C029-EFDD-465D-82F5-B0DC9C653FDE}.Release|Any CPU.Build.0 = Release|Any CPU
		{77A5638D-0BB8-47E3-B3ED-27B38A8468FF}.Debug|Any CPU.ActiveCfg = Debug|Any CPU
		{77A5638D-0BB8-47E3-B3ED-27B38A8468FF}.Debug|Any CPU.Build.0 = Debug|Any CPU
		{77A5638D-0BB8-47E3-B3ED-27B38A8468FF}.Release|Any CPU.ActiveCfg = Release|Any CPU
		{77A5638D-0BB8-47E3-B3ED-27B38A8468FF}.Release|Any CPU.Build.0 = Release|Any CPU
		{A2FE7C6F-0D9E-45C9-A24B-66541FDB88BD}.Debug|Any CPU.ActiveCfg = Debug|Any CPU
		{A2FE7C6F-0D9E-45C9-A24B-66541FDB88BD}.Debug|Any CPU.Build.0 = Debug|Any CPU
		{A2FE7C6F-0D9E-45C9-A24B-66541FDB88BD}.Release|Any CPU.ActiveCfg = Release|Any CPU
		{A2FE7C6F-0D9E-45C9-A24B-66541FDB88BD}.Release|Any CPU.Build.0 = Release|Any CPU
		{4F8F70CC-440B-46E6-86FF-D7F32330DF4A}.Debug|Any CPU.ActiveCfg = Debug|Any CPU
		{4F8F70CC-440B-46E6-86FF-D7F32330DF4A}.Debug|Any CPU.Build.0 = Debug|Any CPU
		{4F8F70CC-440B-46E6-86FF-D7F32330DF4A}.Release|Any CPU.ActiveCfg = Release|Any CPU
		{4F8F70CC-440B-46E6-86FF-D7F32330DF4A}.Release|Any CPU.Build.0 = Release|Any CPU
		{EE40A4B2-4EAD-49CB-8A79-5873B52DF994}.Debug|Any CPU.ActiveCfg = Debug|Any CPU
		{EE40A4B2-4EAD-49CB-8A79-5873B52DF994}.Debug|Any CPU.Build.0 = Debug|Any CPU
		{EE40A4B2-4EAD-49CB-8A79-5873B52DF994}.Release|Any CPU.ActiveCfg = Release|Any CPU
		{EE40A4B2-4EAD-49CB-8A79-5873B52DF994}.Release|Any CPU.Build.0 = Release|Any CPU
		{1D852C91-12AC-4FD0-B0B7-F1558EAE1B74}.Debug|Any CPU.ActiveCfg = Debug|Any CPU
		{1D852C91-12AC-4FD0-B0B7-F1558EAE1B74}.Debug|Any CPU.Build.0 = Debug|Any CPU
		{1D852C91-12AC-4FD0-B0B7-F1558EAE1B74}.Release|Any CPU.ActiveCfg = Release|Any CPU
		{1D852C91-12AC-4FD0-B0B7-F1558EAE1B74}.Release|Any CPU.Build.0 = Release|Any CPU
		{6FB507F1-A78C-4162-A3DC-D20A780E04FD}.Debug|Any CPU.ActiveCfg = Debug|Any CPU
		{6FB507F1-A78C-4162-A3DC-D20A780E04FD}.Debug|Any CPU.Build.0 = Debug|Any CPU
		{6FB507F1-A78C-4162-A3DC-D20A780E04FD}.Release|Any CPU.ActiveCfg = Release|Any CPU
		{6FB507F1-A78C-4162-A3DC-D20A780E04FD}.Release|Any CPU.Build.0 = Release|Any CPU
		{F3D936FB-BBC5-4FEC-A024-2429D1BB47F3}.Debug|Any CPU.ActiveCfg = Debug|Any CPU
		{F3D936FB-BBC5-4FEC-A024-2429D1BB47F3}.Debug|Any CPU.Build.0 = Debug|Any CPU
		{F3D936FB-BBC5-4FEC-A024-2429D1BB47F3}.Release|Any CPU.ActiveCfg = Release|Any CPU
		{F3D936FB-BBC5-4FEC-A024-2429D1BB47F3}.Release|Any CPU.Build.0 = Release|Any CPU
		{0BF8EACF-A08A-4EA0-A265-A02E020F7FB1}.Debug|Any CPU.ActiveCfg = Debug|Any CPU
		{0BF8EACF-A08A-4EA0-A265-A02E020F7FB1}.Debug|Any CPU.Build.0 = Debug|Any CPU
		{0BF8EACF-A08A-4EA0-A265-A02E020F7FB1}.Release|Any CPU.ActiveCfg = Release|Any CPU
		{0BF8EACF-A08A-4EA0-A265-A02E020F7FB1}.Release|Any CPU.Build.0 = Release|Any CPU
		{480BF879-744B-40B9-B3F7-ACEAE23D4FF0}.Debug|Any CPU.ActiveCfg = Debug|Any CPU
		{480BF879-744B-40B9-B3F7-ACEAE23D4FF0}.Debug|Any CPU.Build.0 = Debug|Any CPU
		{480BF879-744B-40B9-B3F7-ACEAE23D4FF0}.Release|Any CPU.ActiveCfg = Release|Any CPU
		{480BF879-744B-40B9-B3F7-ACEAE23D4FF0}.Release|Any CPU.Build.0 = Release|Any CPU
		{DE4332CF-36C3-4B0C-80C9-435354B5AAF2}.Debug|Any CPU.ActiveCfg = Debug|Any CPU
		{DE4332CF-36C3-4B0C-80C9-435354B5AAF2}.Debug|Any CPU.Build.0 = Debug|Any CPU
		{DE4332CF-36C3-4B0C-80C9-435354B5AAF2}.Release|Any CPU.ActiveCfg = Release|Any CPU
		{DE4332CF-36C3-4B0C-80C9-435354B5AAF2}.Release|Any CPU.Build.0 = Release|Any CPU
		{36F7C682-E39B-4ECA-AC46-BC6376F72BCF}.Debug|Any CPU.ActiveCfg = Debug|Any CPU
		{36F7C682-E39B-4ECA-AC46-BC6376F72BCF}.Debug|Any CPU.Build.0 = Debug|Any CPU
		{36F7C682-E39B-4ECA-AC46-BC6376F72BCF}.Release|Any CPU.ActiveCfg = Release|Any CPU
		{36F7C682-E39B-4ECA-AC46-BC6376F72BCF}.Release|Any CPU.Build.0 = Release|Any CPU
		{54EC1044-96E7-4317-A238-BF5ECA2CBCF0}.Debug|Any CPU.ActiveCfg = Debug|Any CPU
		{54EC1044-96E7-4317-A238-BF5ECA2CBCF0}.Debug|Any CPU.Build.0 = Debug|Any CPU
		{54EC1044-96E7-4317-A238-BF5ECA2CBCF0}.Release|Any CPU.ActiveCfg = Release|Any CPU
		{54EC1044-96E7-4317-A238-BF5ECA2CBCF0}.Release|Any CPU.Build.0 = Release|Any CPU
		{1CD487E8-218C-45F0-BE68-B574B925C9FE}.Debug|Any CPU.ActiveCfg = Debug|Any CPU
		{1CD487E8-218C-45F0-BE68-B574B925C9FE}.Debug|Any CPU.Build.0 = Debug|Any CPU
		{1CD487E8-218C-45F0-BE68-B574B925C9FE}.Release|Any CPU.ActiveCfg = Release|Any CPU
		{1CD487E8-218C-45F0-BE68-B574B925C9FE}.Release|Any CPU.Build.0 = Release|Any CPU
		{FC222096-A1BF-445A-8C6F-6E9E9F615B55}.Debug|Any CPU.ActiveCfg = Debug|Any CPU
		{FC222096-A1BF-445A-8C6F-6E9E9F615B55}.Debug|Any CPU.Build.0 = Debug|Any CPU
		{FC222096-A1BF-445A-8C6F-6E9E9F615B55}.Release|Any CPU.ActiveCfg = Release|Any CPU
		{FC222096-A1BF-445A-8C6F-6E9E9F615B55}.Release|Any CPU.Build.0 = Release|Any CPU
		{9F2DF1F6-4570-4873-AFB0-3930C24C3D50}.Debug|Any CPU.ActiveCfg = Debug|Any CPU
		{9F2DF1F6-4570-4873-AFB0-3930C24C3D50}.Debug|Any CPU.Build.0 = Debug|Any CPU
		{9F2DF1F6-4570-4873-AFB0-3930C24C3D50}.Release|Any CPU.ActiveCfg = Release|Any CPU
		{9F2DF1F6-4570-4873-AFB0-3930C24C3D50}.Release|Any CPU.Build.0 = Release|Any CPU
	EndGlobalSection
	GlobalSection(SolutionProperties) = preSolution
		HideSolutionNode = FALSE
	EndGlobalSection
	GlobalSection(NestedProjects) = preSolution
		{B26BBDD8-0422-4A2E-B5A0-EF61FC365BD0} = {5BBBE5E1-557E-4784-8536-4D594C9C8B00}
		{DC10E54D-A425-463B-A51C-AA189EF5779B} = {B26BBDD8-0422-4A2E-B5A0-EF61FC365BD0}
		{742C2F02-27AD-4450-B636-5A36E7496540} = {5BBBE5E1-557E-4784-8536-4D594C9C8B00}
		{2351C029-EFDD-465D-82F5-B0DC9C653FDE} = {742C2F02-27AD-4450-B636-5A36E7496540}
		{77A5638D-0BB8-47E3-B3ED-27B38A8468FF} = {742C2F02-27AD-4450-B636-5A36E7496540}
		{17BC7107-FEC5-4B0B-88F1-F0205CA69718} = {5BBBE5E1-557E-4784-8536-4D594C9C8B00}
		{A2FE7C6F-0D9E-45C9-A24B-66541FDB88BD} = {17BC7107-FEC5-4B0B-88F1-F0205CA69718}
		{4F8F70CC-440B-46E6-86FF-D7F32330DF4A} = {17BC7107-FEC5-4B0B-88F1-F0205CA69718}
		{15A00C6E-9BA4-4468-B22D-EBE7EE8DDECB} = {FBE16515-807C-477D-84ED-A6CFD9FF8092}
		{6FB507F1-A78C-4162-A3DC-D20A780E04FD} = {15A00C6E-9BA4-4468-B22D-EBE7EE8DDECB}
		{76743A6C-468F-4E2E-B41A-63B98BA16A6F} = {FBE16515-807C-477D-84ED-A6CFD9FF8092}
		{F3D936FB-BBC5-4FEC-A024-2429D1BB47F3} = {76743A6C-468F-4E2E-B41A-63B98BA16A6F}
		{0BF8EACF-A08A-4EA0-A265-A02E020F7FB1} = {76743A6C-468F-4E2E-B41A-63B98BA16A6F}
		{5A5C3B2C-BB9E-48AB-A579-CD1E2D913D5D} = {FBE16515-807C-477D-84ED-A6CFD9FF8092}
		{480BF879-744B-40B9-B3F7-ACEAE23D4FF0} = {5A5C3B2C-BB9E-48AB-A579-CD1E2D913D5D}
		{DE4332CF-36C3-4B0C-80C9-435354B5AAF2} = {5A5C3B2C-BB9E-48AB-A579-CD1E2D913D5D}
		{E9F4C85C-3043-473B-8B7E-6099846FAC5F} = {2A271334-B2C4-4935-BBE1-3A304ACC0229}
		{36F7C682-E39B-4ECA-AC46-BC6376F72BCF} = {E9F4C85C-3043-473B-8B7E-6099846FAC5F}
		{33B205EE-86A4-4A24-A766-AB4A886E5B79} = {2A271334-B2C4-4935-BBE1-3A304ACC0229}
		{54EC1044-96E7-4317-A238-BF5ECA2CBCF0} = {33B205EE-86A4-4A24-A766-AB4A886E5B79}
		{42179324-3E76-4BF7-A1C5-6B03517E9012} = {2A271334-B2C4-4935-BBE1-3A304ACC0229}
		{1CD487E8-218C-45F0-BE68-B574B925C9FE} = {42179324-3E76-4BF7-A1C5-6B03517E9012}
		{FC222096-A1BF-445A-8C6F-6E9E9F615B55} = {42179324-3E76-4BF7-A1C5-6B03517E9012}
		{9F2DF1F6-4570-4873-AFB0-3930C24C3D50} = {33B205EE-86A4-4A24-A766-AB4A886E5B79}
	EndGlobalSection
	GlobalSection(ExtensibilityGlobals) = postSolution
		SolutionGuid = {F9E27A6D-9846-42AB-AC08-8F8AE4FD60AE}
	EndGlobalSection
EndGlobal
